lockfile_version: '1'
apm_version: 0.32.0
dependencies:
- repo_url: akihiro-tj/house-rules
  name: house-rules-cloudflare-workers
  host: github.com
  resolved_commit: 5d59b5c7c05010b41cb87addbd3585907e3bda32
  resolved_ref: main
  version: 1.0.0
  virtual_path: packages/cloudflare-workers
  is_virtual: true
  package_type: apm_package
  deployed_files:
  - .claude/rules/cloudflare-workers.md
  deployed_file_hashes:
    .claude/rules/cloudflare-workers.md: sha256:657871cd636c15bc07cf2d1f83044d9e9a406c8ef55d17411c4b6d0366df4d9a
  content_hash: sha256:c7065bdbb7ea104f8bd477bbef6692cf2fdf17f5bfbe9c50f39ccc6c991ba895
- repo_url: akihiro-tj/house-rules
  name: house-rules-core
  host: github.com
  resolved_commit: 5d59b5c7c05010b41cb87addbd3585907e3bda32
  resolved_ref: main
  version: 1.0.0
  virtual_path: packages/core
  is_virtual: true
  package_type: apm_package
  deployed_files:
  - .claude/hooks/core/superpowers-session-start.sh
  - .claude/rules/apm.md
  - .claude/rules/git.md
  - .claude/rules/instructions.md
  - .claude/rules/language.md
  - .claude/rules/public-content.md
  - .claude/rules/specs.md
  - .claude/rules/subagents.md
  deployed_file_hashes:
    .claude/hooks/core/superpowers-session-start.sh: sha256:8fd278438ea8233062f01051abf60376051cee60438ff2f2eeb46f8081db8925
    .claude/rules/apm.md: sha256:c910a2454a5f128821370fa62fcbe108f5be2123f7db779c46f0bf7e366538fc
    .claude/rules/git.md: sha256:20da6b50efadb8369a4528c19c4c6d866229c8ac07c18af81598a807ef6a0402
    .claude/rules/instructions.md: sha256:fd8743c87b543fbd106b780d3c2297683727ecaf821966f69854f104c21a4597
    .claude/rules/language.md: sha256:2b87789872dfba35169c427fa51a2b98065cc5b33698bf39600dfb05d75c962d
    .claude/rules/public-content.md: sha256:60f5d31a479392caf9ba8e85ba92baac065807224917d645987e65fc22dfc30b
    .claude/rules/specs.md: sha256:517762a9af85eb3aeec0968c4668d32101b619eccbfe018ef2e41c9478a51950
    .claude/rules/subagents.md: sha256:900c6652220e78a946311a8da26ac6341e760c8d213b4c57d9feb3e19b4db2e2
  content_hash: sha256:f3453d9923aabcbdc12328b58bee2e15b446d6d43a9cd86cb2604cf8f8184a3f
  exec_status: deployed
- repo_url: akihiro-tj/house-rules
  name: house-rules-github-actions
  host: github.com
  resolved_commit: 5d59b5c7c05010b41cb87addbd3585907e3bda32
  resolved_ref: main
  version: 1.0.0
  virtual_path: packages/github-actions
  is_virtual: true
  package_type: apm_package
  deployed_files:
  - .claude/rules/github-actions.md
  deployed_file_hashes:
    .claude/rules/github-actions.md: sha256:c2f8e48429268858610b2b91060c3cce7de80ceb032e6e0a07d23fea0811fdf7
  content_hash: sha256:fe1b3262e229f4b98b4f0e5d4d16c539d63bc137683b62a0018573a70af60281
- repo_url: akihiro-tj/house-rules
  name: house-rules-web-react
  host: github.com
  resolved_commit: 5d59b5c7c05010b41cb87addbd3585907e3bda32
  resolved_ref: main
  version: 1.0.0
  virtual_path: packages/web-react
  is_virtual: true
  package_type: apm_package
  deployed_files:
  - .claude/rules/pnpm.md
  - .claude/rules/react.md
  - .claude/rules/testing.md
  deployed_file_hashes:
    .claude/rules/pnpm.md: sha256:9145f4cfe80a5d5366b39a80fc3e5c9f3addc8ba3603733a09c2e2e3672d2bcc
    .claude/rules/react.md: sha256:49322c9702553b7c9e12214ab5650c69e92e60a280817aee5b77285f5c4030fd
    .claude/rules/testing.md: sha256:d1417e4b259f10e8801f65eb9fa9687484df9ade48b7329945a53dd7a4b44268
  content_hash: sha256:1fe28a8f0e456de67d9ece802948accc42977588fbdc19a5afbac06b70fa3ec8
- repo_url: obra/superpowers
  name: superpowers
  host: github.com
  resolved_commit: 5bf4e78011075bcfc0dc295f0724994cd123ee71
  resolved_ref: v6.4.1
  version: 6.4.1
  depth: 2
  resolved_by: akihiro-tj/house-rules
  package_type: skill_bundle
  deployed_files:
  - .claude/skills/brainstorming
  - .claude/skills/brainstorming/SKILL.md
  - .claude/skills/brainstorming/scripts/frame-template.html
  - .claude/skills/brainstorming/scripts/helper.js
  - .claude/skills/brainstorming/scripts/server.cjs
  - .claude/skills/brainstorming/scripts/start-server.sh
  - .claude/skills/brainstorming/scripts/stop-server.sh
  - .claude/skills/brainstorming/spec-document-reviewer-prompt.md
  - .claude/skills/brainstorming/visual-companion.md
  - .claude/skills/diagnosing-superpowers
  - .claude/skills/diagnosing-superpowers/SKILL.md
  - .claude/skills/diagnosing-superpowers/prompts/analyst-common.md
  - .claude/skills/diagnosing-superpowers/prompts/cost-and-time.md
  - .claude/skills/diagnosing-superpowers/prompts/plan-adherence.md
  - .claude/skills/diagnosing-superpowers/prompts/quality-evidence.md
  - .claude/skills/diagnosing-superpowers/prompts/repeated-work.md
  - .claude/skills/diagnosing-superpowers/prompts/request-conflicts.md
  - .claude/skills/diagnosing-superpowers/prompts/scrub-audit.md
  - .claude/skills/diagnosing-superpowers/prompts/scrub.md
  - .claude/skills/diagnosing-superpowers/prompts/similar-session.md
  - .claude/skills/diagnosing-superpowers/prompts/skill-timeline.md
  - .claude/skills/diagnosing-superpowers/prompts/stumbles.md
  - .claude/skills/diagnosing-superpowers/references/context-safety.md
  - .claude/skills/diagnosing-superpowers/references/github-issues.md
  - .claude/skills/diagnosing-superpowers/references/redaction-policy.md
  - .claude/skills/diagnosing-superpowers/references/session-discovery.md
  - .claude/skills/diagnosing-superpowers/templates/bundle-README.md
  - .claude/skills/diagnosing-superpowers/templates/case.md
  - .claude/skills/diagnosing-superpowers/templates/issue.md
  - .claude/skills/diagnosing-superpowers/templates/report.md
  - .claude/skills/dispatching-parallel-agents
  - .claude/skills/dispatching-parallel-agents/SKILL.md
  - .claude/skills/executing-plans
  - .claude/skills/executing-plans/SKILL.md
  - .claude/skills/executing-plans/scripts/task-done
  - .claude/skills/executing-plans/scripts/task-start
  - .claude/skills/finishing-a-development-branch
  - .claude/skills/finishing-a-development-branch/SKILL.md
  - .claude/skills/receiving-code-review
  - .claude/skills/receiving-code-review/SKILL.md
  - .claude/skills/requesting-code-review
  - .claude/skills/requesting-code-review/SKILL.md
  - .claude/skills/requesting-code-review/code-reviewer.md
  - .claude/skills/subagent-driven-development
  - .claude/skills/subagent-driven-development/SKILL.md
  - .claude/skills/subagent-driven-development/implementer-prompt.md
  - .claude/skills/subagent-driven-development/re-review-prompt.md
  - .claude/skills/subagent-driven-development/scripts/review-package
  - .claude/skills/subagent-driven-development/scripts/sdd-workspace
  - .claude/skills/subagent-driven-development/scripts/task-brief
  - .claude/skills/subagent-driven-development/task-reviewer-prompt.md
  - .claude/skills/systematic-debugging
  - .claude/skills/systematic-debugging/CREATION-LOG.md
  - .claude/skills/systematic-debugging/SKILL.md
  - .claude/skills/systematic-debugging/condition-based-waiting-example.ts
  - .claude/skills/systematic-debugging/condition-based-waiting.md
  - .claude/skills/systematic-debugging/defense-in-depth.md
  - .claude/skills/systematic-debugging/find-polluter.sh
  - .claude/skills/systematic-debugging/root-cause-tracing.md
  - .claude/skills/systematic-debugging/test-academic.md
  - .claude/skills/systematic-debugging/test-pressure-1.md
  - .claude/skills/systematic-debugging/test-pressure-2.md
  - .claude/skills/systematic-debugging/test-pressure-3.md
  - .claude/skills/test-driven-development
  - .claude/skills/test-driven-development/SKILL.md
  - .claude/skills/test-driven-development/writing-good-tests.md
  - .claude/skills/using-git-worktrees
  - .claude/skills/using-git-worktrees/SKILL.md
  - .claude/skills/using-superpowers
  - .claude/skills/using-superpowers/SKILL.md
  - .claude/skills/using-superpowers/references/antigravity-tools.md
  - .claude/skills/using-superpowers/references/claude-code-tools.md
  - .claude/skills/using-superpowers/references/codex-tools.md
  - .claude/skills/using-superpowers/references/gemini-tools.md
  - .claude/skills/using-superpowers/references/hermes-tools.md
  - .claude/skills/using-superpowers/references/muse-tools.md
  - .claude/skills/using-superpowers/references/pi-tools.md
  - .claude/skills/verification-before-completion
  - .claude/skills/verification-before-completion/SKILL.md
  - .claude/skills/writing-plans
  - .claude/skills/writing-plans/SKILL.md
  - .claude/skills/writing-plans/plan-document-reviewer-prompt.md
  - .claude/skills/writing-skills
  - .claude/skills/writing-skills/SKILL.md
  - .claude/skills/writing-skills/anthropic-best-practices.md
  - .claude/skills/writing-skills/examples/CLAUDE_MD_TESTING.md
  - .claude/skills/writing-skills/graphviz-conventions.dot
  - .claude/skills/writing-skills/persuasion-principles.md
  - .claude/skills/writing-skills/render-graphs.js
  - .claude/skills/writing-skills/testing-skills-with-subagents.md
  deployed_file_hashes:
    .claude/skills/brainstorming/SKILL.md: sha256:a32d2255354775aa124855aa7100cf276bea096fff4ebb3a0edf57be216e6c72
    .claude/skills/brainstorming/scripts/frame-template.html: sha256:6a8a4e58bd6a44b904e2e3c57de774481d909204597e1498de53f1b2fecc4c4e
    .claude/skills/brainstorming/scripts/helper.js: sha256:43c6d69954a46ec34a2a262bcc62a9a7e83e839c739f199cb72646d397c686e3
    .claude/skills/brainstorming/scripts/server.cjs: sha256:2d2961ea8d11f56c5f4c3a1a68d22709efa5d7601a2246d8c880774e7e9e8412
    .claude/skills/brainstorming/scripts/start-server.sh: sha256:a4e5ae84275bcaacd2f84345afeabe59cf7b00ba080e123da7cc1fb226f12847
    .claude/skills/brainstorming/scripts/stop-server.sh: sha256:0b5ccbbd57f62d3ed88993f7940b5ee0e5c0fc9b21c550c623da4f6292e47daf
    .claude/skills/brainstorming/spec-document-reviewer-prompt.md: sha256:95a0a195de9d984be2fffa95bab16fc8c563bc296a9cfc5e9c29cb3ece0d7457
    .claude/skills/brainstorming/visual-companion.md: sha256:6ffcb038b53254bd31debaa15e12dcd4ff24bd63d690e0b644ac6396701cf2e2
    .claude/skills/diagnosing-superpowers/SKILL.md: sha256:5a652f8132cc901eb5ca61f89157839f87a2f20aed037fc7a2b51051bc37cd19
    .claude/skills/diagnosing-superpowers/prompts/analyst-common.md: sha256:88801c36070be2a54a8a9a29632b01ab21db053e2e76ee49b5252a9b74ca4090
    .claude/skills/diagnosing-superpowers/prompts/cost-and-time.md: sha256:fe97a66d4db3b436816ef82694bda413b522b3a862dd41978da01e358fffecc4
    .claude/skills/diagnosing-superpowers/prompts/plan-adherence.md: sha256:1dcbab82033598a2e9c9ee42e950d4b1822d2c871c02cef9e102cdd5cbbda113
    .claude/skills/diagnosing-superpowers/prompts/quality-evidence.md: sha256:749d11cf678f379ed77a29274cad456634e0284aa523639a1a214a9f2b986eb1
    .claude/skills/diagnosing-superpowers/prompts/repeated-work.md: sha256:895027f2dfa4b1b8bcdb7ac9aec8d45a80bff212fad6ec6cad5ab38fa68322f5
    .claude/skills/diagnosing-superpowers/prompts/request-conflicts.md: sha256:e800e38d8b7752c212c76c5c3ed75cd78b749684263ea0c313586f26af6f4b5c
    .claude/skills/diagnosing-superpowers/prompts/scrub-audit.md: sha256:5cc48f05a7f81f5f7e05e0c7ceafc0fb8774bcaf75fe88dcb5c7e408026c70ad
    .claude/skills/diagnosing-superpowers/prompts/scrub.md: sha256:854cb3320cc5377b493cea2f72519d67983464882db68a0f408a7d0a0f040b8c
    .claude/skills/diagnosing-superpowers/prompts/similar-session.md: sha256:b190f713b463df2bb5ec3914647e204074d1bd50643a53159db6d13cace916c1
    .claude/skills/diagnosing-superpowers/prompts/skill-timeline.md: sha256:45d604d583b57a77b9033eced8eb875ef342af70fcd66cf7d15c6dc89964890f
    .claude/skills/diagnosing-superpowers/prompts/stumbles.md: sha256:1f2d1f048aff7b8b400006301f1ce8c232ecc7e9d5f705af27a849b2c03ea2e7
    .claude/skills/diagnosing-superpowers/references/context-safety.md: sha256:e6be2bd3495f454d4bedee9484d728d245d1fa656e11fc4ceec5693c16e4730a
    .claude/skills/diagnosing-superpowers/references/github-issues.md: sha256:a656f5e15b21c7a200c39c038f5ede74b9d6ea3ceeb90f39af7e930c8d8424d6
    .claude/skills/diagnosing-superpowers/references/redaction-policy.md: sha256:96b16f47074838fe2d7e609577d6f8b0ad460f8378b281a3f96ee23cb5a08bde
    .claude/skills/diagnosing-superpowers/references/session-discovery.md: sha256:6d1dced083e5d978448a78df298cf515531b0eb39b2854a4a2afbffeb69a7435
    .claude/skills/diagnosing-superpowers/templates/bundle-README.md: sha256:2e6ddc6b106028d5ebd00a50ad93a77111d675c219ee1273cd0857869e8d51ec
    .claude/skills/diagnosing-superpowers/templates/case.md: sha256:597892462be83bc478536ec91f7c285f6dd25d119c560734a3a180fe8471301d
    .claude/skills/diagnosing-superpowers/templates/issue.md: sha256:8f28dbfe60602f77dda76d81815cb4e2dce7d3e2a93348890e1581be8310ac1f
    .claude/skills/diagnosing-superpowers/templates/report.md: sha256:38295d0fd785e8608f330815c59ebd7047942002ec7085aecbed54681f56b0c1
    .claude/skills/dispatching-parallel-agents/SKILL.md: sha256:1968923066f3b707eb01d1992cdf4c42284c3855f70253b9cd5000ff45fca13c
    .claude/skills/executing-plans/SKILL.md: sha256:7aaac2a4a9234d50c8d5f5caf4760e537047ba6fb516c03565b41f47d08edd8c
    .claude/skills/executing-plans/scripts/task-done: sha256:f704dc216e0602f95c601b9ee1113c9a55cc1c5f6e4d149dddfba0fd3ad1c314
    .claude/skills/executing-plans/scripts/task-start: sha256:f833693c8fce3700fc9f841562d80f8015cd40f652c168a3405ac3e46947a1fe
    .claude/skills/finishing-a-development-branch/SKILL.md: sha256:8db5a922b242dd4e1bf824cb91c13b3e8d8e8a86d6ceaf7f0774eb9cce909d65
    .claude/skills/receiving-code-review/SKILL.md: sha256:091df1629510af1b92fc4abd6f96732ebedb4cb2c0f3457e8f2740b0504a2438
    .claude/skills/requesting-code-review/SKILL.md: sha256:cfcee1b06774e7c0517f1e09be1a11f2d5680257072723e709ddbcf7e08b795a
    .claude/skills/requesting-code-review/code-reviewer.md: sha256:82e370be6b3447523816286195571e4216ba56ba1ad6ad0e87862294c4c78dcb
    .claude/skills/subagent-driven-development/SKILL.md: sha256:b70cb2ac89d1f3001bed53c288dbf740c4925a8b422e5d2694b9217bbad157cf
    .claude/skills/subagent-driven-development/implementer-prompt.md: sha256:81dd9d5a3fb0b09b96b5829f03b9796842f3199ef7591d1ba1c2db2a515f64d0
    .claude/skills/subagent-driven-development/re-review-prompt.md: sha256:0828a5e9cbb12ba49f14621dd8c3953c48c0fc383e75bb5494f055ed0d6d824f
    .claude/skills/subagent-driven-development/scripts/review-package: sha256:f9275175b2276b1d5fdb1bae0bedaadd2a950659b7c6f311ea37ff85e1861b1f
    .claude/skills/subagent-driven-development/scripts/sdd-workspace: sha256:75ca46c756ba4209ca36e0d3d65567257ceb33bc7a6775b9dad946707cb3bd7b
    .claude/skills/subagent-driven-development/scripts/task-brief: sha256:cc563538e09abf719b34ddf4b2fa7a65cf3b301729039dbfa923cb060f729146
    .claude/skills/subagent-driven-development/task-reviewer-prompt.md: sha256:bfed55c8f19d0ff6ed57b0fe09127c92890e9311c6c73917129598826bf9ebe8
    .claude/skills/systematic-debugging/CREATION-LOG.md: sha256:c24733a5b1821bd6bed1fc950261f0b9f4e90097e0bbb96459d8179713730789
    .claude/skills/systematic-debugging/SKILL.md: sha256:808fc5717aa88ad65efff312b11c186294d3e6ee301afb584e2f86599b137787
    .claude/skills/systematic-debugging/condition-based-waiting-example.ts: sha256:40ae5ebe497fdf310200e43fe986552546d0a22837c0d39e855db1cfd33eb88e
    .claude/skills/systematic-debugging/condition-based-waiting.md: sha256:e89fec8400d6cd50f43407cec9fab50976ba4d55d0ec2eb51c0bd68036b54c26
    .claude/skills/systematic-debugging/defense-in-depth.md: sha256:1e175fb86fc357e58c6aebf5441e481e1b7868b4380c0456b63a17eefbd18ba7
    .claude/skills/systematic-debugging/find-polluter.sh: sha256:dd7b8f13c4cc2a24b33ff87b18da9248f3e1c80a085c3316224f69ff0fa5c43c
    .claude/skills/systematic-debugging/root-cause-tracing.md: sha256:75b933b6a8c40bdb2031b10f21654395b56ec6ab6bc7b018c18d3fe57aeb7fb8
    .claude/skills/systematic-debugging/test-academic.md: sha256:fe2ba480d78ac0d686dc025f41c2a32a43d642bf533f91b0c6053a04d35d6486
    .claude/skills/systematic-debugging/test-pressure-1.md: sha256:0b6a915db0054577819834c79be9eb614e97bddba10d73768e1fbe91cfed048a
    .claude/skills/systematic-debugging/test-pressure-2.md: sha256:b2030aeffba07050e8ad573ddf87486457c4a016a786bb326235bebd856f2016
    .claude/skills/systematic-debugging/test-pressure-3.md: sha256:96b50a52e2c7989c9cf20fb752c47c1e9a3a70dc362f8f7989f8f5b64dac7708
    .claude/skills/test-driven-development/SKILL.md: sha256:64b03fce4aee5a97a93160cea8111f3ba13a17b7c001db4bd5836d67fd10705d
    .claude/skills/test-driven-development/writing-good-tests.md: sha256:51471c853306ff92ca8bb41dcaea05f31c0e46b03651f8f3c99754b7172f4ae1
    .claude/skills/using-git-worktrees/SKILL.md: sha256:8cfb86f121269e8f7f12361e6795c4f6738828340e28964c9229d365666c9edd
    .claude/skills/using-superpowers/SKILL.md: sha256:82c5c8866ad7f5dd4440ce66bd7806ba48a2f13771beae5cf112e53f08fe36ba
    .claude/skills/using-superpowers/references/antigravity-tools.md: sha256:4880f6de3da4e32f9659ebe7a72b9e0ebfff04e028c2ed96173f86d0387a04c0
    .claude/skills/using-superpowers/references/claude-code-tools.md: sha256:21479a3fee27448cab8748a3b5687e53bb257883bda9c070426f9a1ab5cebf1b
    .claude/skills/using-superpowers/references/codex-tools.md: sha256:1a38ad9b188c393052f58d95657a1c35ea6aafc8b5a27f198f3922912f70bbe7
    .claude/skills/using-superpowers/references/gemini-tools.md: sha256:62b9157bcb0ee3c6784e3d0da0798ddfa5872f9e0c34bea48f3079dabea71965
    .claude/skills/using-superpowers/references/hermes-tools.md: sha256:e2185c976a3c87503910e05e2aea58cc89bc8e569bb624b93df9958ac47a9190
    .claude/skills/using-superpowers/references/muse-tools.md: sha256:5a1da5c575fe18456ca71cd47ebfd8a38c745f8d82a67fe64d5b83080000eeb3
    .claude/skills/using-superpowers/references/pi-tools.md: sha256:703dbc83d23ecab9c6f388460c38abc482e9dee2fe6772a8c7a255152ad3a4d5
    .claude/skills/verification-before-completion/SKILL.md: sha256:2befe7fc55bcadaa3d97dd9e8efeb633d2561c0ebe74c5a8b17c4d9e7e4520b3
    .claude/skills/writing-plans/SKILL.md: sha256:0bc3d36590f7b2c323ed3ec18ff77e9f8ed57af42f5680a02b11a2d20de265cf
    .claude/skills/writing-plans/plan-document-reviewer-prompt.md: sha256:aa728b96aad603c8be28875a4305637f6c984aa81ffcadcb13e743202fa2a0c7
    .claude/skills/writing-skills/SKILL.md: sha256:9cf8c7ba0fdc521f103299a17e2f681a3112b730a75c78a6881e41ce8e5f6c2a
    .claude/skills/writing-skills/anthropic-best-practices.md: sha256:217629b356c09c9bd11017c9788e8fc654ca1b32c92d4a51cd490e16dd65e59a
    .claude/skills/writing-skills/examples/CLAUDE_MD_TESTING.md: sha256:0b379a3415e185d3c434b3ad283d8aa132f3022c2a4f210f168865b5986bcef0
    .claude/skills/writing-skills/graphviz-conventions.dot: sha256:e2890a593c91370e384b42f2f67b1a6232c9e69dddea7891a0c1c46d7b20b694
    .claude/skills/writing-skills/persuasion-principles.md: sha256:a51bc9bf75189ea73a27b3fb504a2fdfdb966fb1f7f1cdf03203230a216ccc03
    .claude/skills/writing-skills/render-graphs.js: sha256:c7f412cc629461c4d10287e668731874c0497707023e3e3f74a5355eb2cee196
    .claude/skills/writing-skills/testing-skills-with-subagents.md: sha256:c711346852c911b24a84aa161e0cff06a4cd7f4e2fa9e9c0a266cead5afcbade
  content_hash: sha256:a60bc6ca0f99cd2a7d63c40c8ba4b79a49d40eebb17683bd3dcde823f222b63d
  declared_license: MIT
  exec_status: gated_pending_approval
deployments:
- kind: project-relative
  target: claude
  value: .claude/hooks/core/superpowers-session-start.sh
  runtime: null
  scope: project
  owners:
  - akihiro-tj/house-rules/packages/core
  active_owner: akihiro-tj/house-rules/packages/core
  content_hash: sha256:8fd278438ea8233062f01051abf60376051cee60438ff2f2eeb46f8081db8925
- kind: project-relative
  target: claude
  value: .claude/rules/apm.md
  runtime: null
  scope: project
  owners:
  - akihiro-tj/house-rules/packages/core
  active_owner: akihiro-tj/house-rules/packages/core
  content_hash: sha256:c910a2454a5f128821370fa62fcbe108f5be2123f7db779c46f0bf7e366538fc
- kind: project-relative
  target: claude
  value: .claude/rules/cloudflare-workers.md
  runtime: null
  scope: project
  owners:
  - akihiro-tj/house-rules/packages/cloudflare-workers
  active_owner: akihiro-tj/house-rules/packages/cloudflare-workers
  content_hash: sha256:657871cd636c15bc07cf2d1f83044d9e9a406c8ef55d17411c4b6d0366df4d9a
- kind: project-relative
  target: claude
  value: .claude/rules/git.md
  runtime: null
  scope: project
  owners:
  - akihiro-tj/house-rules/packages/core
  active_owner: akihiro-tj/house-rules/packages/core
  content_hash: sha256:20da6b50efadb8369a4528c19c4c6d866229c8ac07c18af81598a807ef6a0402
- kind: project-relative
  target: claude
  value: .claude/rules/github-actions.md
  runtime: null
  scope: project
  owners:
  - akihiro-tj/house-rules/packages/github-actions
  active_owner: akihiro-tj/house-rules/packages/github-actions
  content_hash: sha256:c2f8e48429268858610b2b91060c3cce7de80ceb032e6e0a07d23fea0811fdf7
- kind: project-relative
  target: claude
  value: .claude/rules/instructions.md
  runtime: null
  scope: project
  owners:
  - akihiro-tj/house-rules/packages/core
  active_owner: akihiro-tj/house-rules/packages/core
  content_hash: sha256:fd8743c87b543fbd106b780d3c2297683727ecaf821966f69854f104c21a4597
- kind: project-relative
  target: claude
  value: .claude/rules/language.md
  runtime: null
  scope: project
  owners:
  - akihiro-tj/house-rules/packages/core
  active_owner: akihiro-tj/house-rules/packages/core
  content_hash: sha256:2b87789872dfba35169c427fa51a2b98065cc5b33698bf39600dfb05d75c962d
- kind: project-relative
  target: claude
  value: .claude/rules/pnpm.md
  runtime: null
  scope: project
  owners:
  - akihiro-tj/house-rules/packages/web-react
  active_owner: akihiro-tj/house-rules/packages/web-react
  content_hash: sha256:9145f4cfe80a5d5366b39a80fc3e5c9f3addc8ba3603733a09c2e2e3672d2bcc
- kind: project-relative
  target: claude
  value: .claude/rules/public-content.md
  runtime: null
  scope: project
  owners:
  - akihiro-tj/house-rules/packages/core
  active_owner: akihiro-tj/house-rules/packages/core
  content_hash: sha256:60f5d31a479392caf9ba8e85ba92baac065807224917d645987e65fc22dfc30b
- kind: project-relative
  target: claude
  value: .claude/rules/react.md
  runtime: null
  scope: project
  owners:
  - akihiro-tj/house-rules/packages/web-react
  active_owner: akihiro-tj/house-rules/packages/web-react
  content_hash: sha256:49322c9702553b7c9e12214ab5650c69e92e60a280817aee5b77285f5c4030fd
- kind: project-relative
  target: claude
  value: .claude/rules/specs.md
  runtime: null
  scope: project
  owners:
  - akihiro-tj/house-rules/packages/core
  active_owner: akihiro-tj/house-rules/packages/core
  content_hash: sha256:517762a9af85eb3aeec0968c4668d32101b619eccbfe018ef2e41c9478a51950
- kind: project-relative
  target: claude
  value: .claude/rules/subagents.md
  runtime: null
  scope: project
  owners:
  - akihiro-tj/house-rules/packages/core
  active_owner: akihiro-tj/house-rules/packages/core
  content_hash: sha256:900c6652220e78a946311a8da26ac6341e760c8d213b4c57d9feb3e19b4db2e2
- kind: project-relative
  target: claude
  value: .claude/rules/testing.md
  runtime: null
  scope: project
  owners:
  - akihiro-tj/house-rules/packages/web-react
  active_owner: akihiro-tj/house-rules/packages/web-react
  content_hash: sha256:d1417e4b259f10e8801f65eb9fa9687484df9ade48b7329945a53dd7a4b44268
- kind: project-relative
  target: claude
  value: .claude/skills/brainstorming
  runtime: null
  scope: project
  owners:
  - obra/superpowers
  active_owner: obra/superpowers
  content_hash: null
- kind: project-relative
  target: claude
  value: .claude/skills/brainstorming/SKILL.md
  runtime: null
  scope: project
  owners:
  - obra/superpowers
  active_owner: obra/superpowers
  content_hash: sha256:a32d2255354775aa124855aa7100cf276bea096fff4ebb3a0edf57be216e6c72
- kind: project-relative
  target: claude
  value: .claude/skills/brainstorming/scripts/frame-template.html
  runtime: null
  scope: project
  owners:
  - obra/superpowers
  active_owner: obra/superpowers
  content_hash: sha256:6a8a4e58bd6a44b904e2e3c57de774481d909204597e1498de53f1b2fecc4c4e
- kind: project-relative
  target: claude
  value: .claude/skills/brainstorming/scripts/helper.js
  runtime: null
  scope: project
  owners:
  - obra/superpowers
  active_owner: obra/superpowers
  content_hash: sha256:43c6d69954a46ec34a2a262bcc62a9a7e83e839c739f199cb72646d397c686e3
- kind: project-relative
  target: claude
  value: .claude/skills/brainstorming/scripts/server.cjs
  runtime: null
  scope: project
  owners:
  - obra/superpowers
  active_owner: obra/superpowers
  content_hash: sha256:2d2961ea8d11f56c5f4c3a1a68d22709efa5d7601a2246d8c880774e7e9e8412
- kind: project-relative
  target: claude
  value: .claude/skills/brainstorming/scripts/start-server.sh
  runtime: null
  scope: project
  owners:
  - obra/superpowers
  active_owner: obra/superpowers
  content_hash: sha256:a4e5ae84275bcaacd2f84345afeabe59cf7b00ba080e123da7cc1fb226f12847
- kind: project-relative
  target: claude
  value: .claude/skills/brainstorming/scripts/stop-server.sh
  runtime: null
  scope: project
  owners:
  - obra/superpowers
  active_owner: obra/superpowers
  content_hash: sha256:0b5ccbbd57f62d3ed88993f7940b5ee0e5c0fc9b21c550c623da4f6292e47daf
- kind: project-relative
  target: claude
  value: .claude/skills/brainstorming/spec-document-reviewer-prompt.md
  runtime: null
  scope: project
  owners:
  - obra/superpowers
  active_owner: obra/superpowers
  content_hash: sha256:95a0a195de9d984be2fffa95bab16fc8c563bc296a9cfc5e9c29cb3ece0d7457
- kind: project-relative
  target: claude
  value: .claude/skills/brainstorming/visual-companion.md
  runtime: null
  scope: project
  owners:
  - obra/superpowers
  active_owner: obra/superpowers
  content_hash: sha256:6ffcb038b53254bd31debaa15e12dcd4ff24bd63d690e0b644ac6396701cf2e2
- kind: project-relative
  target: claude
  value: .claude/skills/diagnosing-superpowers
  runtime: null
  scope: project
  owners:
  - obra/superpowers
  active_owner: obra/superpowers
  content_hash: null
- kind: project-relative
  target: claude
  value: .claude/skills/diagnosing-superpowers/SKILL.md
  runtime: null
  scope: project
  owners:
  - obra/superpowers
  active_owner: obra/superpowers
  content_hash: sha256:5a652f8132cc901eb5ca61f89157839f87a2f20aed037fc7a2b51051bc37cd19
- kind: project-relative
  target: claude
  value: .claude/skills/diagnosing-superpowers/prompts/analyst-common.md
  runtime: null
  scope: project
  owners:
  - obra/superpowers
  active_owner: obra/superpowers
  content_hash: sha256:88801c36070be2a54a8a9a29632b01ab21db053e2e76ee49b5252a9b74ca4090
- kind: project-relative
  target: claude
  value: .claude/skills/diagnosing-superpowers/prompts/cost-and-time.md
  runtime: null
  scope: project
  owners:
  - obra/superpowers
  active_owner: obra/superpowers
  content_hash: sha256:fe97a66d4db3b436816ef82694bda413b522b3a862dd41978da01e358fffecc4
- kind: project-relative
  target: claude
  value: .claude/skills/diagnosing-superpowers/prompts/plan-adherence.md
  runtime: null
  scope: project
  owners:
  - obra/superpowers
  active_owner: obra/superpowers
  content_hash: sha256:1dcbab82033598a2e9c9ee42e950d4b1822d2c871c02cef9e102cdd5cbbda113
- kind: project-relative
  target: claude
  value: .claude/skills/diagnosing-superpowers/prompts/quality-evidence.md
  runtime: null
  scope: project
  owners:
  - obra/superpowers
  active_owner: obra/superpowers
  content_hash: sha256:749d11cf678f379ed77a29274cad456634e0284aa523639a1a214a9f2b986eb1
- kind: project-relative
  target: claude
  value: .claude/skills/diagnosing-superpowers/prompts/repeated-work.md
  runtime: null
  scope: project
  owners:
  - obra/superpowers
  active_owner: obra/superpowers
  content_hash: sha256:895027f2dfa4b1b8bcdb7ac9aec8d45a80bff212fad6ec6cad5ab38fa68322f5
- kind: project-relative
  target: claude
  value: .claude/skills/diagnosing-superpowers/prompts/request-conflicts.md
  runtime: null
  scope: project
  owners:
  - obra/superpowers
  active_owner: obra/superpowers
  content_hash: sha256:e800e38d8b7752c212c76c5c3ed75cd78b749684263ea0c313586f26af6f4b5c
- kind: project-relative
  target: claude
  value: .claude/skills/diagnosing-superpowers/prompts/scrub-audit.md
  runtime: null
  scope: project
  owners:
  - obra/superpowers
  active_owner: obra/superpowers
  content_hash: sha256:5cc48f05a7f81f5f7e05e0c7ceafc0fb8774bcaf75fe88dcb5c7e408026c70ad
- kind: project-relative
  target: claude
  value: .claude/skills/diagnosing-superpowers/prompts/scrub.md
  runtime: null
  scope: project
  owners:
  - obra/superpowers
  active_owner: obra/superpowers
  content_hash: sha256:854cb3320cc5377b493cea2f72519d67983464882db68a0f408a7d0a0f040b8c
- kind: project-relative
  target: claude
  value: .claude/skills/diagnosing-superpowers/prompts/similar-session.md
  runtime: null
  scope: project
  owners:
  - obra/superpowers
  active_owner: obra/superpowers
  content_hash: sha256:b190f713b463df2bb5ec3914647e204074d1bd50643a53159db6d13cace916c1
- kind: project-relative
  target: claude
  value: .claude/skills/diagnosing-superpowers/prompts/skill-timeline.md
  runtime: null
  scope: project
  owners:
  - obra/superpowers
  active_owner: obra/superpowers
  content_hash: sha256:45d604d583b57a77b9033eced8eb875ef342af70fcd66cf7d15c6dc89964890f
- kind: project-relative
  target: claude
  value: .claude/skills/diagnosing-superpowers/prompts/stumbles.md
  runtime: null
  scope: project
  owners:
  - obra/superpowers
  active_owner: obra/superpowers
  content_hash: sha256:1f2d1f048aff7b8b400006301f1ce8c232ecc7e9d5f705af27a849b2c03ea2e7
- kind: project-relative
  target: claude
  value: .claude/skills/diagnosing-superpowers/references/context-safety.md
  runtime: null
  scope: project
  owners:
  - obra/superpowers
  active_owner: obra/superpowers
  content_hash: sha256:e6be2bd3495f454d4bedee9484d728d245d1fa656e11fc4ceec5693c16e4730a
- kind: project-relative
  target: claude
  value: .claude/skills/diagnosing-superpowers/references/github-issues.md
  runtime: null
  scope: project
  owners:
  - obra/superpowers
  active_owner: obra/superpowers
  content_hash: sha256:a656f5e15b21c7a200c39c038f5ede74b9d6ea3ceeb90f39af7e930c8d8424d6
- kind: project-relative
  target: claude
  value: .claude/skills/diagnosing-superpowers/references/redaction-policy.md
  runtime: null
  scope: project
  owners:
  - obra/superpowers
  active_owner: obra/superpowers
  content_hash: sha256:96b16f47074838fe2d7e609577d6f8b0ad460f8378b281a3f96ee23cb5a08bde
- kind: project-relative
  target: claude
  value: .claude/skills/diagnosing-superpowers/references/session-discovery.md
  runtime: null
  scope: project
  owners:
  - obra/superpowers
  active_owner: obra/superpowers
  content_hash: sha256:6d1dced083e5d978448a78df298cf515531b0eb39b2854a4a2afbffeb69a7435
- kind: project-relative
  target: claude
  value: .claude/skills/diagnosing-superpowers/templates/bundle-README.md
  runtime: null
  scope: project
  owners:
  - obra/superpowers
  active_owner: obra/superpowers
  content_hash: sha256:2e6ddc6b106028d5ebd00a50ad93a77111d675c219ee1273cd0857869e8d51ec
- kind: project-relative
  target: claude
  value: .claude/skills/diagnosing-superpowers/templates/case.md
  runtime: null
  scope: project
  owners:
  - obra/superpowers
  active_owner: obra/superpowers
  content_hash: sha256:597892462be83bc478536ec91f7c285f6dd25d119c560734a3a180fe8471301d
- kind: project-relative
  target: claude
  value: .claude/skills/diagnosing-superpowers/templates/issue.md
  runtime: null
  scope: project
  owners:
  - obra/superpowers
  active_owner: obra/superpowers
  content_hash: sha256:8f28dbfe60602f77dda76d81815cb4e2dce7d3e2a93348890e1581be8310ac1f
- kind: project-relative
  target: claude
  value: .claude/skills/diagnosing-superpowers/templates/report.md
  runtime: null
  scope: project
  owners:
  - obra/superpowers
  active_owner: obra/superpowers
  content_hash: sha256:38295d0fd785e8608f330815c59ebd7047942002ec7085aecbed54681f56b0c1
- kind: project-relative
  target: claude
  value: .claude/skills/dispatching-parallel-agents
  runtime: null
  scope: project
  owners:
  - obra/superpowers
  active_owner: obra/superpowers
  content_hash: null
- kind: project-relative
  target: claude
  value: .claude/skills/dispatching-parallel-agents/SKILL.md
  runtime: null
  scope: project
  owners:
  - obra/superpowers
  active_owner: obra/superpowers
  content_hash: sha256:1968923066f3b707eb01d1992cdf4c42284c3855f70253b9cd5000ff45fca13c
- kind: project-relative
  target: claude
  value: .claude/skills/executing-plans
  runtime: null
  scope: project
  owners:
  - obra/superpowers
  active_owner: obra/superpowers
  content_hash: null
- kind: project-relative
  target: claude
  value: .claude/skills/executing-plans/SKILL.md
  runtime: null
  scope: project
  owners:
  - obra/superpowers
  active_owner: obra/superpowers
  content_hash: sha256:7aaac2a4a9234d50c8d5f5caf4760e537047ba6fb516c03565b41f47d08edd8c
- kind: project-relative
  target: claude
  value: .claude/skills/executing-plans/scripts/task-done
  runtime: null
  scope: project
  owners:
  - obra/superpowers
  active_owner: obra/superpowers
  content_hash: sha256:f704dc216e0602f95c601b9ee1113c9a55cc1c5f6e4d149dddfba0fd3ad1c314
- kind: project-relative
  target: claude
  value: .claude/skills/executing-plans/scripts/task-start
  runtime: null
  scope: project
  owners:
  - obra/superpowers
  active_owner: obra/superpowers
  content_hash: sha256:f833693c8fce3700fc9f841562d80f8015cd40f652c168a3405ac3e46947a1fe
- kind: project-relative
  target: claude
  value: .claude/skills/finishing-a-development-branch
  runtime: null
  scope: project
  owners:
  - obra/superpowers
  active_owner: obra/superpowers
  content_hash: null
- kind: project-relative
  target: claude
  value: .claude/skills/finishing-a-development-branch/SKILL.md
  runtime: null
  scope: project
  owners:
  - obra/superpowers
  active_owner: obra/superpowers
  content_hash: sha256:8db5a922b242dd4e1bf824cb91c13b3e8d8e8a86d6ceaf7f0774eb9cce909d65
- kind: project-relative
  target: claude
  value: .claude/skills/receiving-code-review
  runtime: null
  scope: project
  owners:
  - obra/superpowers
  active_owner: obra/superpowers
  content_hash: null
- kind: project-relative
  target: claude
  value: .claude/skills/receiving-code-review/SKILL.md
  runtime: null
  scope: project
  owners:
  - obra/superpowers
  active_owner: obra/superpowers
  content_hash: sha256:091df1629510af1b92fc4abd6f96732ebedb4cb2c0f3457e8f2740b0504a2438
- kind: project-relative
  target: claude
  value: .claude/skills/requesting-code-review
  runtime: null
  scope: project
  owners:
  - obra/superpowers
  active_owner: obra/superpowers
  content_hash: null
- kind: project-relative
  target: claude
  value: .claude/skills/requesting-code-review/SKILL.md
  runtime: null
  scope: project
  owners:
  - obra/superpowers
  active_owner: obra/superpowers
  content_hash: sha256:cfcee1b06774e7c0517f1e09be1a11f2d5680257072723e709ddbcf7e08b795a
- kind: project-relative
  target: claude
  value: .claude/skills/requesting-code-review/code-reviewer.md
  runtime: null
  scope: project
  owners:
  - obra/superpowers
  active_owner: obra/superpowers
  content_hash: sha256:82e370be6b3447523816286195571e4216ba56ba1ad6ad0e87862294c4c78dcb
- kind: project-relative
  target: claude
  value: .claude/skills/subagent-driven-development
  runtime: null
  scope: project
  owners:
  - obra/superpowers
  active_owner: obra/superpowers
  content_hash: null
- kind: project-relative
  target: claude
  value: .claude/skills/subagent-driven-development/SKILL.md
  runtime: null
  scope: project
  owners:
  - obra/superpowers
  active_owner: obra/superpowers
  content_hash: sha256:b70cb2ac89d1f3001bed53c288dbf740c4925a8b422e5d2694b9217bbad157cf
- kind: project-relative
  target: claude
  value: .claude/skills/subagent-driven-development/implementer-prompt.md
  runtime: null
  scope: project
  owners:
  - obra/superpowers
  active_owner: obra/superpowers
  content_hash: sha256:81dd9d5a3fb0b09b96b5829f03b9796842f3199ef7591d1ba1c2db2a515f64d0
- kind: project-relative
  target: claude
  value: .claude/skills/subagent-driven-development/re-review-prompt.md
  runtime: null
  scope: project
  owners:
  - obra/superpowers
  active_owner: obra/superpowers
  content_hash: sha256:0828a5e9cbb12ba49f14621dd8c3953c48c0fc383e75bb5494f055ed0d6d824f
- kind: project-relative
  target: claude
  value: .claude/skills/subagent-driven-development/scripts/review-package
  runtime: null
  scope: project
  owners:
  - obra/superpowers
  active_owner: obra/superpowers
  content_hash: sha256:f9275175b2276b1d5fdb1bae0bedaadd2a950659b7c6f311ea37ff85e1861b1f
- kind: project-relative
  target: claude
  value: .claude/skills/subagent-driven-development/scripts/sdd-workspace
  runtime: null
  scope: project
  owners:
  - obra/superpowers
  active_owner: obra/superpowers
  content_hash: sha256:75ca46c756ba4209ca36e0d3d65567257ceb33bc7a6775b9dad946707cb3bd7b
- kind: project-relative
  target: claude
  value: .claude/skills/subagent-driven-development/scripts/task-brief
  runtime: null
  scope: project
  owners:
  - obra/superpowers
  active_owner: obra/superpowers
  content_hash: sha256:cc563538e09abf719b34ddf4b2fa7a65cf3b301729039dbfa923cb060f729146
- kind: project-relative
  target: claude
  value: .claude/skills/subagent-driven-development/task-reviewer-prompt.md
  runtime: null
  scope: project
  owners:
  - obra/superpowers
  active_owner: obra/superpowers
  content_hash: sha256:bfed55c8f19d0ff6ed57b0fe09127c92890e9311c6c73917129598826bf9ebe8
- kind: project-relative
  target: claude
  value: .claude/skills/systematic-debugging
  runtime: null
  scope: project
  owners:
  - obra/superpowers
  active_owner: obra/superpowers
  content_hash: null
- kind: project-relative
  target: claude
  value: .claude/skills/systematic-debugging/CREATION-LOG.md
  runtime: null
  scope: project
  owners:
  - obra/superpowers
  active_owner: obra/superpowers
  content_hash: sha256:c24733a5b1821bd6bed1fc950261f0b9f4e90097e0bbb96459d8179713730789
- kind: project-relative
  target: claude
  value: .claude/skills/systematic-debugging/SKILL.md
  runtime: null
  scope: project
  owners:
  - obra/superpowers
  active_owner: obra/superpowers
  content_hash: sha256:808fc5717aa88ad65efff312b11c186294d3e6ee301afb584e2f86599b137787
- kind: project-relative
  target: claude
  value: .claude/skills/systematic-debugging/condition-based-waiting-example.ts
  runtime: null
  scope: project
  owners:
  - obra/superpowers
  active_owner: obra/superpowers
  content_hash: sha256:40ae5ebe497fdf310200e43fe986552546d0a22837c0d39e855db1cfd33eb88e
- kind: project-relative
  target: claude
  value: .claude/skills/systematic-debugging/condition-based-waiting.md
  runtime: null
  scope: project
  owners:
  - obra/superpowers
  active_owner: obra/superpowers
  content_hash: sha256:e89fec8400d6cd50f43407cec9fab50976ba4d55d0ec2eb51c0bd68036b54c26
- kind: project-relative
  target: claude
  value: .claude/skills/systematic-debugging/defense-in-depth.md
  runtime: null
  scope: project
  owners:
  - obra/superpowers
  active_owner: obra/superpowers
  content_hash: sha256:1e175fb86fc357e58c6aebf5441e481e1b7868b4380c0456b63a17eefbd18ba7
- kind: project-relative
  target: claude
  value: .claude/skills/systematic-debugging/find-polluter.sh
  runtime: null
  scope: project
  owners:
  - obra/superpowers
  active_owner: obra/superpowers
  content_hash: sha256:dd7b8f13c4cc2a24b33ff87b18da9248f3e1c80a085c3316224f69ff0fa5c43c
- kind: project-relative
  target: claude
  value: .claude/skills/systematic-debugging/root-cause-tracing.md
  runtime: null
  scope: project
  owners:
  - obra/superpowers
  active_owner: obra/superpowers
  content_hash: sha256:75b933b6a8c40bdb2031b10f21654395b56ec6ab6bc7b018c18d3fe57aeb7fb8
- kind: project-relative
  target: claude
  value: .claude/skills/systematic-debugging/test-academic.md
  runtime: null
  scope: project
  owners:
  - obra/superpowers
  active_owner: obra/superpowers
  content_hash: sha256:fe2ba480d78ac0d686dc025f41c2a32a43d642bf533f91b0c6053a04d35d6486
- kind: project-relative
  target: claude
  value: .claude/skills/systematic-debugging/test-pressure-1.md
  runtime: null
  scope: project
  owners:
  - obra/superpowers
  active_owner: obra/superpowers
  content_hash: sha256:0b6a915db0054577819834c79be9eb614e97bddba10d73768e1fbe91cfed048a
- kind: project-relative
  target: claude
  value: .claude/skills/systematic-debugging/test-pressure-2.md
  runtime: null
  scope: project
  owners:
  - obra/superpowers
  active_owner: obra/superpowers
  content_hash: sha256:b2030aeffba07050e8ad573ddf87486457c4a016a786bb326235bebd856f2016
- kind: project-relative
  target: claude
  value: .claude/skills/systematic-debugging/test-pressure-3.md
  runtime: null
  scope: project
  owners:
  - obra/superpowers
  active_owner: obra/superpowers
  content_hash: sha256:96b50a52e2c7989c9cf20fb752c47c1e9a3a70dc362f8f7989f8f5b64dac7708
- kind: project-relative
  target: claude
  value: .claude/skills/test-driven-development
  runtime: null
  scope: project
  owners:
  - obra/superpowers
  active_owner: obra/superpowers
  content_hash: null
- kind: project-relative
  target: claude
  value: .claude/skills/test-driven-development/SKILL.md
  runtime: null
  scope: project
  owners:
  - obra/superpowers
  active_owner: obra/superpowers
  content_hash: sha256:64b03fce4aee5a97a93160cea8111f3ba13a17b7c001db4bd5836d67fd10705d
- kind: project-relative
  target: claude
  value: .claude/skills/test-driven-development/writing-good-tests.md
  runtime: null
  scope: project
  owners:
  - obra/superpowers
  active_owner: obra/superpowers
  content_hash: sha256:51471c853306ff92ca8bb41dcaea05f31c0e46b03651f8f3c99754b7172f4ae1
- kind: project-relative
  target: claude
  value: .claude/skills/using-git-worktrees
  runtime: null
  scope: project
  owners:
  - obra/superpowers
  active_owner: obra/superpowers
  content_hash: null
- kind: project-relative
  target: claude
  value: .claude/skills/using-git-worktrees/SKILL.md
  runtime: null
  scope: project
  owners:
  - obra/superpowers
  active_owner: obra/superpowers
  content_hash: sha256:8cfb86f121269e8f7f12361e6795c4f6738828340e28964c9229d365666c9edd
- kind: project-relative
  target: claude
  value: .claude/skills/using-superpowers
  runtime: null
  scope: project
  owners:
  - obra/superpowers
  active_owner: obra/superpowers
  content_hash: null
- kind: project-relative
  target: claude
  value: .claude/skills/using-superpowers/SKILL.md
  runtime: null
  scope: project
  owners:
  - obra/superpowers
  active_owner: obra/superpowers
  content_hash: sha256:82c5c8866ad7f5dd4440ce66bd7806ba48a2f13771beae5cf112e53f08fe36ba
- kind: project-relative
  target: claude
  value: .claude/skills/using-superpowers/references/antigravity-tools.md
  runtime: null
  scope: project
  owners:
  - obra/superpowers
  active_owner: obra/superpowers
  content_hash: sha256:4880f6de3da4e32f9659ebe7a72b9e0ebfff04e028c2ed96173f86d0387a04c0
- kind: project-relative
  target: claude
  value: .claude/skills/using-superpowers/references/claude-code-tools.md
  runtime: null
  scope: project
  owners:
  - obra/superpowers
  active_owner: obra/superpowers
  content_hash: sha256:21479a3fee27448cab8748a3b5687e53bb257883bda9c070426f9a1ab5cebf1b
- kind: project-relative
  target: claude
  value: .claude/skills/using-superpowers/references/codex-tools.md
  runtime: null
  scope: project
  owners:
  - obra/superpowers
  active_owner: obra/superpowers
  content_hash: sha256:1a38ad9b188c393052f58d95657a1c35ea6aafc8b5a27f198f3922912f70bbe7
- kind: project-relative
  target: claude
  value: .claude/skills/using-superpowers/references/gemini-tools.md
  runtime: null
  scope: project
  owners:
  - obra/superpowers
  active_owner: obra/superpowers
  content_hash: sha256:62b9157bcb0ee3c6784e3d0da0798ddfa5872f9e0c34bea48f3079dabea71965
- kind: project-relative
  target: claude
  value: .claude/skills/using-superpowers/references/hermes-tools.md
  runtime: null
  scope: project
  owners:
  - obra/superpowers
  active_owner: obra/superpowers
  content_hash: sha256:e2185c976a3c87503910e05e2aea58cc89bc8e569bb624b93df9958ac47a9190
- kind: project-relative
  target: claude
  value: .claude/skills/using-superpowers/references/muse-tools.md
  runtime: null
  scope: project
  owners:
  - obra/superpowers
  active_owner: obra/superpowers
  content_hash: sha256:5a1da5c575fe18456ca71cd47ebfd8a38c745f8d82a67fe64d5b83080000eeb3
- kind: project-relative
  target: claude
  value: .claude/skills/using-superpowers/references/pi-tools.md
  runtime: null
  scope: project
  owners:
  - obra/superpowers
  active_owner: obra/superpowers
  content_hash: sha256:703dbc83d23ecab9c6f388460c38abc482e9dee2fe6772a8c7a255152ad3a4d5
- kind: project-relative
  target: claude
  value: .claude/skills/verification-before-completion
  runtime: null
  scope: project
  owners:
  - obra/superpowers
  active_owner: obra/superpowers
  content_hash: null
- kind: project-relative
  target: claude
  value: .claude/skills/verification-before-completion/SKILL.md
  runtime: null
  scope: project
  owners:
  - obra/superpowers
  active_owner: obra/superpowers
  content_hash: sha256:2befe7fc55bcadaa3d97dd9e8efeb633d2561c0ebe74c5a8b17c4d9e7e4520b3
- kind: project-relative
  target: claude
  value: .claude/skills/writing-plans
  runtime: null
  scope: project
  owners:
  - obra/superpowers
  active_owner: obra/superpowers
  content_hash: null
- kind: project-relative
  target: claude
  value: .claude/skills/writing-plans/SKILL.md
  runtime: null
  scope: project
  owners:
  - obra/superpowers
  active_owner: obra/superpowers
  content_hash: sha256:0bc3d36590f7b2c323ed3ec18ff77e9f8ed57af42f5680a02b11a2d20de265cf
- kind: project-relative
  target: claude
  value: .claude/skills/writing-plans/plan-document-reviewer-prompt.md
  runtime: null
  scope: project
  owners:
  - obra/superpowers
  active_owner: obra/superpowers
  content_hash: sha256:aa728b96aad603c8be28875a4305637f6c984aa81ffcadcb13e743202fa2a0c7
- kind: project-relative
  target: claude
  value: .claude/skills/writing-skills
  runtime: null
  scope: project
  owners:
  - obra/superpowers
  active_owner: obra/superpowers
  content_hash: null
- kind: project-relative
  target: claude
  value: .claude/skills/writing-skills/SKILL.md
  runtime: null
  scope: project
  owners:
  - obra/superpowers
  active_owner: obra/superpowers
  content_hash: sha256:9cf8c7ba0fdc521f103299a17e2f681a3112b730a75c78a6881e41ce8e5f6c2a
- kind: project-relative
  target: claude
  value: .claude/skills/writing-skills/anthropic-best-practices.md
  runtime: null
  scope: project
  owners:
  - obra/superpowers
  active_owner: obra/superpowers
  content_hash: sha256:217629b356c09c9bd11017c9788e8fc654ca1b32c92d4a51cd490e16dd65e59a
- kind: project-relative
  target: claude
  value: .claude/skills/writing-skills/examples/CLAUDE_MD_TESTING.md
  runtime: null
  scope: project
  owners:
  - obra/superpowers
  active_owner: obra/superpowers
  content_hash: sha256:0b379a3415e185d3c434b3ad283d8aa132f3022c2a4f210f168865b5986bcef0
- kind: project-relative
  target: claude
  value: .claude/skills/writing-skills/graphviz-conventions.dot
  runtime: null
  scope: project
  owners:
  - obra/superpowers
  active_owner: obra/superpowers
  content_hash: sha256:e2890a593c91370e384b42f2f67b1a6232c9e69dddea7891a0c1c46d7b20b694
- kind: project-relative
  target: claude
  value: .claude/skills/writing-skills/persuasion-principles.md
  runtime: null
  scope: project
  owners:
  - obra/superpowers
  active_owner: obra/superpowers
  content_hash: sha256:a51bc9bf75189ea73a27b3fb504a2fdfdb966fb1f7f1cdf03203230a216ccc03
- kind: project-relative
  target: claude
  value: .claude/skills/writing-skills/render-graphs.js
  runtime: null
  scope: project
  owners:
  - obra/superpowers
  active_owner: obra/superpowers
  content_hash: sha256:c7f412cc629461c4d10287e668731874c0497707023e3e3f74a5355eb2cee196
- kind: project-relative
  target: claude
  value: .claude/skills/writing-skills/testing-skills-with-subagents.md
  runtime: null
  scope: project
  owners:
  - obra/superpowers
  active_owner: obra/superpowers
  content_hash: sha256:c711346852c911b24a84aa161e0cff06a4cd7f4e2fa9e9c0a266cead5afcbade
